
Microsoft Visual Studio Solution File, Format Version 12.00
# Visual Studio Version 16
VisualStudioVersion = 16.0.31624.102
MinimumVisualStudioVersion = 10.0.40219.1
Project("{FAE04EC0-301F-11D3-BF4B-00C04F79EFBC}") = "ProfileAPI", "ProfileAPI\ProfileAPI.csproj", "{907FDBDB-CADA-4D29-96A9-60886DFBBD9F}"
EndProject
Global
	GlobalSection(SolutionConfigurationPlatforms) = preSolution
		Debug|Any CPU = Debug|Any CPU
		Release|Any CPU = Release|Any CPU
	EndGlobalSection
	GlobalSection(ProjectConfigurationPlatforms) = postSolution
		{907FDBDB-CADA-4D29-96A9-60886DFBBD9F}.Debug|Any CPU.ActiveCfg = Debug|Any CPU
		{907FDBDB-CADA-4D29-96A9-60886DFBBD9F}.Debug|Any CPU.Build.0 = Debug|Any CPU
		{907FDBDB-CADA-4D29-96A9-60886DFBBD9F}.Release|Any CPU.ActiveCfg = Release|Any CPU
		{907FDBDB-CADA-4D29-96A9-60886DFBBD9F}.Release|Any CPU.Build.0 = Release|Any CPU
	EndGlobalSection
	GlobalSection(SolutionProperties) = preSolution
		HideSolutionNode = FALSE
	EndGlobalSection
	GlobalSection(ExtensibilityGlobals) = postSolution
		SolutionGuid = {E5E8E903-78DD-4460-8BB7-F99D7E945EDF}
	EndGlobalSection
EndGlobal
